// !$*UTF8*$!
{
	archiveVersion = 1;
	classes = {
	};
	objectVersion = 77;
	objects = {

/* Begin PBXBuildFile section */
		851B4EFE2EA7B3620081FAD1 /* GoogleSignIn in Frameworks */ = {isa = PBXBuildFile; productRef = 851B4EFD2EA7B3620081FAD1 /* GoogleSignIn */; };
		851B4F002EA7B3620081FAD1 /* GoogleSignInSwift in Frameworks */ = {isa = PBXBuildFile; productRef = 851B4EFF2EA7B3620081FAD1 /* GoogleSignInSwift */; };
/* End PBXBuildFile section */

/* Begin PBXContainerItemProxy section */
		85635CCC2E9D256100521297 /* PBXContainerItemProxy */ = {
			isa = PBXContainerItemProxy;
			containerPortal = 85635CB62E9D256000521297 /* Project object */;
			proxyType = 1;
			remoteGlobalIDString = 85635CBD2E9D256000521297;
			remoteInfo = "Flowly-calendar";
		};
		85635CD62E9D256100521297 /* PBXContainerItemProxy */ = {
			isa = PBXContainerItemProxy;
			containerPortal = 85635CB62E9D256000521297 /* Project object */;
			proxyType = 1;
			remoteGlobalIDString = 85635CBD2E9D256000521297;
			remoteInfo = "Flowly-calendar";
		};
/* End PBXContainerItemProxy section */

/* Begin PBXFileReference section */
		85635CBE2E9D256000521297 /* Flowly-calendar.app */ = {isa = PBXFileReference; explicitFileType = wrapper.application; includeInIndex = 0; path = "Flowly-calendar.app"; sourceTree = BUILT_PRODUCTS_DIR; };
		85635CCB2E9D256100521297 /* Flowly-calendarTests.xctest */ = {isa = PBXFileReference; explicitFileType = wrapper.cfbundle; includeInIndex = 0; path = "Flowly-calendarTests.xctest"; sourceTree = BUILT_PRODUCTS_DIR; };
		85635CD52E9D256100521297 /* Flowly-calendarUITests.xctest */ = {isa = PBXFileReference; explicitFileType = wrapper.cfbundle; includeInIndex = 0; path = "Flowly-calendarUITests.xctest"; sourceTree = BUILT_PRODUCTS_DIR; };
/* End PBXFileReference section */

/* Begin PBXFileSystemSynchronizedBuildFileExceptionSet section */
		85BD8A632E9D7DC600D3898E /* Exceptions for "Flowly-calendar" folder in "Flowly-calendar" target */ = {
			isa = PBXFileSystemSynchronizedBuildFileExceptionSet;
			membershipExceptions = (
				Info.plist,
			);
			target = 85635CBD2E9D256000521297 /* Flowly-calendar */;
		};
/* End PBXFileSystemSynchronizedBuildFileExceptionSet section */

/* Begin PBXFileSystemSynchronizedRootGroup section */
		85635CC02E9D256000521297 /* Flowly-calendar */ = {
			isa = PBXFileSystemSynchronizedRootGroup;
			exceptions = (
				85BD8A632E9D7DC600D3898E /* Exceptions for "Flowly-calendar" folder in "Flowly-calendar" target */,
			);
			path = "Flowly-calendar";
			sourceTree = "<group>";
		};
		85635CCE2E9D256100521297 /* Flowly-calendarTests */ = {
			isa = PBXFileSystemSynchronizedRootGroup;
			path = "Flowly-calendarTests";
			sourceTree = "<group>";
		};
		85635CD82E9D256100521297 /* Flowly-calendarUITests */ = {
			isa = PBXFileSystemSynchronizedRootGroup;
			path = "Flowly-calendarUITests";
			sourceTree = "<group>";
		};
/* End PBXFileSystemSynchronizedRootGroup section */

/* Begin PBXFrameworksBuildPhase section */
		85635CBB2E9D256000521297 /* Frameworks */ = {
			isa = PBXFrameworksBuildPhase;
			buildActionMask = 2147483647;
			files = (
				851B4EFE2EA7B3620081FAD1 /* GoogleSignIn in Frameworks */,
				851B4F002EA7B3620081FAD1 /* GoogleSignInSwift in Frameworks */,
			);
			runOnlyForDeploymentPostprocessing = 0;
		};
		85635CC82E9D256100521297 /* Frameworks */ = {
			isa = PBXFrameworksBuildPhase;
			buildActionMask = 2147483647;
			files = (
			);
			runOnlyForDeploymentPostprocessing = 0;
		};
		85635CD22E9D256100521297 /* Frameworks */ = {
			isa = PBXFrameworksBuildPhase;
			buildActionMask = 2147483647;
			files = (
			);
			runOnlyForDeploymentPostprocessing = 0;
		};
/* End PBXFrameworksBuildPhase section */

/* Begin PBXGroup section */
		85635CB52E9D256000521297 = {
			isa = PBXGroup;
			children = (
				85635CC02E9D256000521297 /* Flowly-calendar */,
				85635CCE2E9D256100521297 /* Flowly-calendarTests */,
				85635CD82E9D256100521297 /* Flowly-calendarUITests */,
				85635CBF2E9D256000521297 /* Products */,
			);
			sourceTree = "<group>";
		};
		85635CBF2E9D256000521297 /* Products */ = {
			isa = PBXGroup;
			children = (
				85635CBE2E9D256000521297 /* Flowly-calendar.app */,
				85635CCB2E9D256100521297 /* Flowly-calendarTests.xctest */,
				85635CD52E9D256100521297 /* Flowly-calendarUITests.xctest */,
			);
			name = Products;
			sourceTree = "<group>";
		};
/* End PBXGroup section */

/* Begin PBXNativeTarget section */
		85635CBD2E9D256000521297 /* Flowly-calendar */ = {
			isa = PBXNativeTarget;
			buildConfigurationList = 85635CDF2E9D256100521297 /* Build configuration list for PBXNativeTarget "Flowly-calendar" */;
			buildPhases = (
				85635CBA2E9D256000521297 /* Sources */,
				85635CBB2E9D256000521297 /* Frameworks */,
				85635CBC2E9D256000521297 /* Resources */,
			);
			buildRules = (
			);
			dependencies = (
			);
			fileSystemSynchronizedGroups = (
				85635CC02E9D256000521297 /* Flowly-calendar */,
			);
			name = "Flowly-calendar";
			packageProductDependencies = (
				851B4EFD2EA7B3620081FAD1 /* GoogleSignIn */,
				851B4EFF2EA7B3620081FAD1 /* GoogleSignInSwift */,
			);
			productName = "Flowly-calendar";
			productReference = 85635CBE2E9D256000521297 /* Flowly-calendar.app */;
			productType = "com.apple.product-type.application";
		};
		85635CCA2E9D256100521297 /* Flowly-calendarTests */ = {
			isa = PBXNativeTarget;
			buildConfigurationList = 85635CE22E9D256100521297 /* Build configuration list for PBXNativeTarget "Flowly-calendarTests" */;
			buildPhases = (
				85635CC72E9D256100521297 /* Sources */,
				85635CC82E9D256100521297 /* Frameworks */,
				85635CC92E9D256100521297 /* Resources */,
			);
			buildRules = (
			);
			dependencies = (
				85635CCD2E9D256100521297 /* PBXTargetDependency */,
			);
			fileSystemSynchronizedGroups = (
				85635CCE2E9D256100521297 /* Flowly-calendarTests */,
			);
			name = "Flowly-calendarTests";
			packageProductDependencies = (
			);
			productName = "Flowly-calendarTests";
			productReference = 85635CCB2E9D256100521297 /* Flowly-calendarTests.xctest */;
			productType = "com.apple.product-type.bundle.unit-test";
		};
		85635CD42E9D256100521297 /* Flowly-calendarUITests */ = {
			isa = PBXNativeTarget;
			buildConfigurationList = 85635CE52E9D256100521297 /* Build configuration list for PBXNativeTarget "Flowly-calendarUITests" */;
			buildPhases = (
				85635CD12E9D256100521297 /* Sources */,
				85635CD22E9D256100521297 /* Frameworks */,
				85635CD32E9D256100521297 /* Resources */,
			);
			buildRules = (
			);
			dependencies = (
				85635CD72E9D256100521297 /* PBXTargetDependency */,
			);
			fileSystemSynchronizedGroups = (
				85635CD82E9D256100521297 /* Flowly-calendarUITests */,
			);
			name = "Flowly-calendarUITests";
			packageProductDependencies = (
			);
			productName = "Flowly-calendarUITests";
			productReference = 85635CD52E9D256100521297 /* Flowly-calendarUITests.xctest */;
			productType = "com.apple.product-type.bundle.ui-testing";
		};
/* End PBXNativeTarget section */

/* Begin PBXProject section */
		85635CB62E9D256000521297 /* Project object */ = {
			isa = PBXProject;
			attributes = {
				BuildIndependentTargetsInParallel = 1;
				LastSwiftUpdateCheck = 1640;
				LastUpgradeCheck = 1640;
				TargetAttributes = {
					85635CBD2E9D256000521297 = {
						CreatedOnToolsVersion = 16.4;
					};
					85635CCA2E9D256100521297 = {
						CreatedOnToolsVersion = 16.4;
						TestTargetID = 85635CBD2E9D256000521297;
					};
					85635CD42E9D256100521297 = {
						CreatedOnToolsVersion = 16.4;
						TestTargetID = 85635CBD2E9D256000521297;
					};
				};
			};
			buildConfigurationList = 85635CB92E9D256000521297 /* Build configuration list for PBXProject "Flowly-calendar" */;
			developmentRegion = en;
			hasScannedForEncodings = 0;
			knownRegions = (
				en,
				Base,
			);
			mainGroup = 85635CB52E9D256000521297;
			minimizedProjectReferenceProxies = 1;
			packageReferences = (
				851B4EFC2EA7B04D0081FAD1 /* XCRemoteSwiftPackageReference "GoogleSignIn-iOS" */,
			);
			preferredProjectObjectVersion = 77;
			productRefGroup = 85635CBF2E9D256000521297 /* Products */;
			projectDirPath = "";
			projectRoot = "";
			targets = (
				85635CBD2E9D256000521297 /* Flowly-calendar */,
				85635CCA2E9D256100521297 /* Flowly-calendarTests */,
				85635CD42E9D256100521297 /* Flowly-calendarUITests */,
			);
		};
/* End PBXProject section */

/* Begin PBXResourcesBuildPhase section */
		85635CBC2E9D256000521297 /* Resources */ = {
			isa = PBXResourcesBuildPhase;
			buildActionMask = 2147483647;
			files = (
			);
			runOnlyForDeploymentPostprocessing = 0;
		};
		85635CC92E9D256100521297 /* Resources */ = {
			isa = PBXResourcesBuildPhase;
			buildActionMask = 2147483647;
			files = (
			);
			runOnlyForDeploymentPostprocessing = 0;
		};
		85635CD32E9D256100521297 /* Resources */ = {
			isa = PBXResourcesBuildPhase;
			buildActionMask = 2147483647;
			files = (
			);
			runOnlyForDeploymentPostprocessing = 0;
		};
/* End PBXResourcesBuildPhase section */

/* Begin PBXSourcesBuildPhase section */
		85635CBA2E9D256000521297 /* Sources */ = {
			isa = PBXSourcesBuildPhase;
			buildActionMask = 2147483647;
			files = (
			);
			runOnlyForDeploymentPostprocessing = 0;
		};
		85635CC72E9D256100521297 /* Sources */ = {
			isa = PBXSourcesBuildPhase;
			buildActionMask = 2147483647;
			files = (
			);
			runOnlyForDeploymentPostprocessing = 0;
		};
		85635CD12E9D256100521297 /* Sources */ = {
			isa = PBXSourcesBuildPhase;
			buildActionMask = 2147483647;
			files = (
			);
			runOnlyForDeploymentPostprocessing = 0;
		};
/* End PBXSourcesBuildPhase section */

/* Begin PBXTargetDependency section */
		85635CCD2E9D256100521297 /* PBXTargetDependency */ = {
			isa = PBXTargetDependency;
			target = 85635CBD2E9D256000521297 /* Flowly-calendar */;
			targetProxy = 85635CCC2E9D256100521297 /* PBXContainerItemProxy */;
		};
		85635CD72E9D256100521297 /* PBXTargetDependency */ = {
			isa = PBXTargetDependency;
			target = 85635CBD2E9D256000521297 /* Flowly-calendar */;
			targetProxy = 85635CD62E9D256100521297 /* PBXContainerItemProxy */;
		};
/* End PBXTargetDependency section */

/* Begin XCBuildConfiguration section */
		85635CDD2E9D256100521297 /* Debug */ = {
			isa = XCBuildConfiguration;
			buildSettings = {
				ALWAYS_SEARCH_USER_PATHS = NO;
				ASSETCATALOG_COMPILER_GENERATE_SWIFT_ASSET_SYMBOL_EXTENSIONS = YES;
				CLANG_ANALYZER_NONNULL = YES;
				CLANG_ANALYZER_NUMBER_OBJECT_CONVERSION = YES_AGGRESSIVE;
				CLANG_CXX_LANGUAGE_STANDARD = "gnu++20";
				CLANG_ENABLE_MODULES = YES;
				CLANG_ENABLE_OBJC_ARC = YES;
				CLANG_ENABLE_OBJC_WEAK = YES;
				CLANG_WARN_BLOCK_CAPTURE_AUTORELEASING = YES;
				CLANG_WARN_BOOL_CONVERSION = YES;
				CLANG_WARN_COMMA = YES;
				CLANG_WARN_CONSTANT_CONVERSION = YES;
				CLANG_WARN_DEPRECATED_OBJC_IMPLEMENTATIONS = YES;
				CLANG_WARN_DIRECT_OBJC_ISA_USAGE = YES_ERROR;
				CLANG_WARN_DOCUMENTATION_COMMENTS = YES;
				CLANG_WARN_EMPTY_BODY = YES;
				CLANG_WARN_ENUM_CONVERSION = YES;
				CLANG_WARN_INFINITE_RECURSION = YES;
				CLANG_WARN_INT_CONVERSION = YES;
				CLANG_WARN_NON_LITERAL_NULL_CONVERSION = YES;
				CLANG_WARN_OBJC_IMPLICIT_RETAIN_SELF = YES;
				CLANG_WARN_OBJC_LITERAL_CONVERSION = YES;
				CLANG_WARN_OBJC_ROOT_CLASS = YES_ERROR;
				CLANG_WARN_QUOTED_INCLUDE_IN_FRAMEWORK_HEADER = YES;
				CLANG_WARN_RANGE_LOOP_ANALYSIS = YES;
				CLANG_WARN_STRICT_PROTOTYPES = YES;
				CLANG_WARN_SUSPICIOUS_MOVE = YES;
				CLANG_WARN_UNGUARDED_AVAILABILITY = YES_AGGRESSIVE;
				CLANG_WARN_UNREACHABLE_CODE = YES;
				CLANG_WARN__DUPLICATE_METHOD_MATCH = YES;
				COPY_PHASE_STRIP = NO;
				DEBUG_INFORMATION_FORMAT = dwarf;
				DEVELOPMENT_TEAM = T6392L35GD;
				ENABLE_STRICT_OBJC_MSGSEND = YES;
				ENABLE_TESTABILITY = YES;
				ENABLE_USER_SCRIPT_SANDBOXING = YES;
				GCC_C_LANGUAGE_STANDARD = gnu17;
				GCC_DYNAMIC_NO_PIC = NO;
				GCC_NO_COMMON_BLOCKS = YES;
				GCC_OPTIMIZATION_LEVEL = 0;
				GCC_PREPROCESSOR_DEFINITIONS = (
					"DEBUG=1",
					"$(inherited)",
				);
				GCC_WARN_64_TO_32_BIT_CONVERSION = YES;
				GCC_WARN_ABOUT_RETURN_TYPE = YES_ERROR;
				GCC_WARN_UNDECLARED_SELECTOR = YES;
				GCC_WARN_UNINITIALIZED_AUTOS = YES_AGGRESSIVE;
				GCC_WARN_UNUSED_FUNCTION = YES;
				GCC_WARN_UNUSED_VARIABLE = YES;
				IPHONEOS_DEPLOYMENT_TARGET = 18.5;
				LOCALIZATION_PREFERS_STRING_CATALOGS = YES;
				MTL_ENABLE_DEBUG_INFO = INCLUDE_SOURCE;
				MTL_FAST_MATH = YES;
				ONLY_ACTIVE_ARCH = YES;
				SDKROOT = iphoneos;
				SWIFT_ACTIVE_COMPILATION_CONDITIONS = "DEBUG $(inherited)";
				SWIFT_OPTIMIZATION_LEVEL = "-Onone";
			};
			name = Debug;
		};
		85635CDE2E9D256100521297 /* Release */ = {
			isa = XCBuildConfiguration;
			buildSettings = {
				ALWAYS_SEARCH_USER_PATHS = NO;
				ASSETCATALOG_COMPILER_GENERATE_SWIFT_ASSET_SYMBOL_EXTENSIONS = YES;
				CLANG_ANALYZER_NONNULL = YES;
				CLANG_ANALYZER_NUMBER_OBJECT_CONVERSION = YES_AGGRESSIVE;
				CLANG_CXX_LANGUAGE_STANDARD = "gnu++20";
				CLANG_ENABLE_MODULES = YES;
				CLANG_ENABLE_OBJC_ARC = YES;
				CLANG_ENABLE_OBJC_WEAK = YES;
				CLANG_WARN_BLOCK_CAPTURE_AUTORELEASING = YES;
				CLANG_WARN_BOOL_CONVERSION = YES;
				CLANG_WARN_COMMA = YES;
				CLANG_WARN_CONSTANT_CONVERSION = YES;
				CLANG_WARN_DEPRECATED_OBJC_IMPLEMENTATIONS = YES;
				CLANG_WARN_DIRECT_OBJC_ISA_USAGE = YES_ERROR;
				CLANG_WARN_DOCUMENTATION_COMMENTS = YES;
				CLANG_WARN_EMPTY_BODY = YES;
				CLANG_WARN_ENUM_CONVERSION = YES;
				CLANG_WARN_INFINITE_RECURSION = YES;
				CLANG_WARN_INT_CONVERSION = YES;
				CLANG_WARN_NON_LITERAL_NULL_CONVERSION = YES;
				CLANG_WARN_OBJC_IMPLICIT_RETAIN_SELF = YES;
				CLANG_WARN_OBJC_LITERAL_CONVERSION = YES;
				CLANG_WARN_OBJC_ROOT_CLASS = YES_ERROR;
				CLANG_WARN_QUOTED_INCLUDE_IN_FRAMEWORK_HEADER = YES;
				CLANG_WARN_RANGE_LOOP_ANALYSIS = YES;
				CLANG_WARN_STRICT_PROTOTYPES = YES;
				CLANG_WARN_SUSPICIOUS_MOVE = YES;
				CLANG_WARN_UNGUARDED_AVAILABILITY = YES_AGGRESSIVE;
				CLANG_WARN_UNREACHABLE_CODE = YES;
				CLANG_WARN__DUPLICATE_METHOD_MATCH = YES;
				COPY_PHASE_STRIP = NO;
				DEBUG_INFORMATION_FORMAT = "dwarf-with-dsym";
				DEVELOPMENT_TEAM = T6392L35GD;
				ENABLE_NS_ASSERTIONS = NO;
				ENABLE_STRICT_OBJC_MSGSEND = YES;
				ENABLE_USER_SCRIPT_SANDBOXING = YES;
				GCC_C_LANGUAGE_STANDARD = gnu17;
				GCC_NO_COMMON_BLOCKS = YES;
				GCC_WARN_64_TO_32_BIT_CONVERSION = YES;
				GCC_WARN_ABOUT_RETURN_TYPE = YES_ERROR;
				GCC_WARN_UNDECLARED_SELECTOR = YES;
				GCC_WARN_UNINITIALIZED_AUTOS = YES_AGGRESSIVE;
				GCC_WARN_UNUSED_FUNCTION = YES;
				GCC_WARN_UNUSED_VARIABLE = YES;
				IPHONEOS_DEPLOYMENT_TARGET = 18.5;
				LOCALIZATION_PREFERS_STRING_CATALOGS = YES;
				MTL_ENABLE_DEBUG_INFO = NO;
				MTL_FAST_MATH = YES;
				SDKROOT = iphoneos;
				SWIFT_COMPILATION_MODE = wholemodule;
				VALIDATE_PRODUCT = YES;
			};
			name = Release;
		};
		85635CE02E9D256100521297 /* Debug */ = {
			isa = XCBuildConfiguration;
			buildSettings = {
				ASSETCATALOG_COMPILER_APPICON_NAME = AppIcon;
				ASSETCATALOG_COMPILER_GLOBAL_ACCENT_COLOR_NAME = AccentColor;
				CODE_SIGN_STYLE = Automatic;
				CURRENT_PROJECT_VERSION = 1;
				DEVELOPMENT_TEAM = T6392L35GD;
				ENABLE_PREVIEWS = YES;
				GENERATE_INFOPLIST_FILE = YES;
				INFOPLIST_FILE = "Flowly-calendar/Info.plist";
				INFOPLIST_KEY_LSApplicationCategoryType = "";
				INFOPLIST_KEY_UIApplicationSceneManifest_Generation = YES;
				INFOPLIST_KEY_UIApplicationSupportsIndirectInputEvents = YES;
				INFOPLIST_KEY_UILaunchScreen_Generation = YES;
				INFOPLIST_KEY_UISupportedInterfaceOrientations_iPad = "UIInterfaceOrientationPortrait UIInterfaceOrientationPortraitUpsideDown UIInterfaceOrientationLandscapeLeft UIInterfaceOrientationLandscapeRight";
				INFOPLIST_KEY_UISupportedInterfaceOrientations_iPhone = "UIInterfaceOrientationPortrait UIInterfaceOrientationLandscapeLeft UIInterfaceOrientationLandscapeRight";
				LD_RUNPATH_SEARCH_PATHS = (
					"$(inherited)",
					"@executable_path/Frameworks",
				);
				MARKETING_VERSION = 1.0;
				PRODUCT_BUNDLE_IDENTIFIER = "com.vishnu.Flowly-calendar";
				PRODUCT_NAME = "$(TARGET_NAME)";
				SWIFT_EMIT_LOC_STRINGS = YES;
				SWIFT_VERSION = 5.0;
				TARGETED_DEVICE_FAMILY = "1,2";
			};
			name = Debug;
		};
		85635CE12E9D256100521297 /* Release */ = {
			isa = XCBuildConfiguration;
			buildSettings = {
				ASSETCATALOG_COMPILER_APPICON_NAME = AppIcon;
				ASSETCATALOG_COMPILER_GLOBAL_ACCENT_COLOR_NAME = AccentColor;
				CODE_SIGN_STYLE = Automatic;
				CURRENT_PROJECT_VERSION = 1;
				DEVELOPMENT_TEAM = T6392L35GD;
				ENABLE_PREVIEWS = YES;
				GENERATE_INFOPLIST_FILE = YES;
				INFOPLIST_FILE = "Flowly-calendar/Info.plist";
				INFOPLIST_KEY_LSApplicationCategoryType = "";
				INFOPLIST_KEY_UIApplicationSceneManifest_Generation = YES;
				INFOPLIST_KEY_UIApplicationSupportsIndirectInputEvents = YES;
				INFOPLIST_KEY_UILaunchScreen_Generation = YES;
				INFOPLIST_KEY_UISupportedInterfaceOrientations_iPad = "UIInterfaceOrientationPortrait UIInterfaceOrientationPortraitUpsideDown UIInterfaceOrientationLandscapeLeft UIInterfaceOrientationLandscapeRight";
				INFOPLIST_KEY_UISupportedInterfaceOrientations_iPhone = "UIInterfaceOrientationPortrait UIInterfaceOrientationLandscapeLeft UIInterfaceOrientationLandscapeRight";
				LD_RUNPATH_SEARCH_PATHS = (
					"$(inherited)",
					"@executable_path/Frameworks",
				);
				MARKETING_VERSION = 1.0;
				PRODUCT_BUNDLE_IDENTIFIER = "com.vishnu.Flowly-calendar";
				PRODUCT_NAME = "$(TARGET_NAME)";
				SWIFT_EMIT_LOC_STRINGS = YES;
				SWIFT_VERSION = 5.0;
				TARGETED_DEVICE_FAMILY = "1,2";
			};
			name = Release;
		};
		85635CE32E9D256100521297 /* Debug */ = {
			isa = XCBuildConfiguration;
			buildSettings = {
				BUNDLE_LOADER = "$(TEST_HOST)";
				CODE_SIGN_STYLE = Automatic;
				CURRENT_PROJECT_VERSION = 1;
				DEVELOPMENT_TEAM = T6392L35GD;
				GENERATE_INFOPLIST_FILE = YES;
				IPHONEOS_DEPLOYMENT_TARGET = 18.5;
				MARKETING_VERSION = 1.0;
				PRODUCT_BUNDLE_IDENTIFIER = "com.vishnu.Flowly-calendarTests";
				PRODUCT_NAME = "$(TARGET_NAME)";
				SWIFT_EMIT_LOC_STRINGS = NO;
				SWIFT_VERSION = 5.0;
				TARGETED_DEVICE_FAMILY = "1,2";
				TEST_HOST = "$(BUILT_PRODUCTS_DIR)/Flowly-calendar.app/$(BUNDLE_EXECUTABLE_FOLDER_PATH)/Flowly-calendar";
			};
			name = Debug;
		};
		85635CE42E9D256100521297 /* Release */ = {
			isa = XCBuildConfiguration;
			buildSettings = {
				BUNDLE_LOADER = "$(TEST_HOST)";
				CODE_SIGN_STYLE = Automatic;
				CURRENT_PROJECT_VERSION = 1;
				DEVELOPMENT_TEAM = T6392L35GD;
				GENERATE_INFOPLIST_FILE = YES;
				IPHONEOS_DEPLOYMENT_TARGET = 18.5;
				MARKETING_VERSION = 1.0;
				PRODUCT_BUNDLE_IDENTIFIER = "com.vishnu.Flowly-calendarTests";
				PRODUCT_NAME = "$(TARGET_NAME)";
				SWIFT_EMIT_LOC_STRINGS = NO;
				SWIFT_VERSION = 5.0;
				TARGETED_DEVICE_FAMILY = "1,2";
				TEST_HOST = "$(BUILT_PRODUCTS_DIR)/Flowly-calendar.app/$(BUNDLE_EXECUTABLE_FOLDER_PATH)/Flowly-calendar";
			};
			name = Release;
		};
		85635CE62E9D256100521297 /* Debug */ = {
			isa = XCBuildConfiguration;
			buildSettings = {
				CODE_SIGN_STYLE = Automatic;
				CURRENT_PROJECT_VERSION = 1;
				DEVELOPMENT_TEAM = T6392L35GD;
				GENERATE_INFOPLIST_FILE = YES;
				MARKETING_VERSION = 1.0;
				PRODUCT_BUNDLE_IDENTIFIER = "com.vishnu.Flowly-calendarUITests";
				PRODUCT_NAME = "$(TARGET_NAME)";
				SWIFT_EMIT_LOC_STRINGS = NO;
				SWIFT_VERSION = 5.0;
				TARGETED_DEVICE_FAMILY = "1,2";
				TEST_TARGET_NAME = "Flowly-calendar";
			};
			name = Debug;
		};
		85635CE72E9D256100521297 /* Release */ = {
			isa = XCBuildConfiguration;
			buildSettings = {
				CODE_SIGN_STYLE = Automatic;
				CURRENT_PROJECT_VERSION = 1;
				DEVELOPMENT_TEAM = T6392L35GD;
				GENERATE_INFOPLIST_FILE = YES;
				MARKETING_VERSION = 1.0;
				PRODUCT_BUNDLE_IDENTIFIER = "com.vishnu.Flowly-calendarUITests";
				PRODUCT_NAME = "$(TARGET_NAME)";
				SWIFT_EMIT_LOC_STRINGS = NO;
				SWIFT_VERSION = 5.0;
				TARGETED_DEVICE_FAMILY = "1,2";
				TEST_TARGET_NAME = "Flowly-calendar";
			};
			name = Release;
		};
/* End XCBuildConfiguration section */

/* Begin XCConfigurationList section */
		85635CB92E9D256000521297 /* Build configuration list for PBXProject "Flowly-calendar" */ = {
			isa = XCConfigurationList;
			buildConfigurations = (
				85635CDD2E9D256100521297 /* Debug */,
				85635CDE2E9D256100521297 /* Release */,
			);
			defaultConfigurationIsVisible = 0;
			defaultConfigurationName = Release;
		};
		85635CDF2E9D256100521297 /* Build configuration list for PBXNativeTarget "Flowly-calendar" */ = {
			isa = XCConfigurationList;
			buildConfigurations = (
				85635CE02E9D256100521297 /* Debug */,
				85635CE12E9D256100521297 /* Release */,
			);
			defaultConfigurationIsVisible = 0;
			defaultConfigurationName = Release;
		};
		85635CE22E9D256100521297 /* Build configuration list for PBXNativeTarget "Flowly-calendarTests" */ = {
			isa = XCConfigurationList;
			buildConfigurations = (
				85635CE32E9D256100521297 /* Debug */,
				85635CE42E9D256100521297 /* Release */,
			);
			defaultConfigurationIsVisible = 0;
			defaultConfigurationName = Release;
		};
		85635CE52E9D256100521297 /* Build configuration list for PBXNativeTarget "Flowly-calendarUITests" */ = {
			isa = XCConfigurationList;
			buildConfigurations = (
				85635CE62E9D256100521297 /* Debug */,
				85635CE72E9D256100521297 /* Release */,
			);
			defaultConfigurationIsVisible = 0;
			defaultConfigurationName = Release;
		};
/* End XCConfigurationList section */

/* Begin XCRemoteSwiftPackageReference section */
		851B4EFC2EA7B04D0081FAD1 /* XCRemoteSwiftPackageReference "GoogleSignIn-iOS" */ = {
			isa = XCRemoteSwiftPackageReference;
			repositoryURL = "https://github.com/google/GoogleSignIn-iOS";
			requirement = {
				kind = upToNextMajorVersion;
				minimumVersion = 9.0.0;
			};
		};
/* End XCRemoteSwiftPackageReference section */

/* Begin XCSwiftPackageProductDependency section */
		851B4EFD2EA7B3620081FAD1 /* GoogleSignIn */ = {
			isa = XCSwiftPackageProductDependency;
			package = 851B4EFC2EA7B04D0081FAD1 /* XCRemoteSwiftPackageReference "GoogleSignIn-iOS" */;
			productName = GoogleSignIn;
		};
		851B4EFF2EA7B3620081FAD1 /* GoogleSignInSwift */ = {
			isa = XCSwiftPackageProductDependency;
			package = 851B4EFC2EA7B04D0081FAD1 /* XCRemoteSwiftPackageReference "GoogleSignIn-iOS" */;
			productName = GoogleSignInSwift;
		};
/* End XCSwiftPackageProductDependency section */
	};
	rootObject = 85635CB62E9D256000521297 /* Project object */;
}
